
Microsoft Visual Studio Solution File, Format Version 12.00
# Visual Studio Version 16
VisualStudioVersion = 16.0.30406.217
MinimumVisualStudioVersion = 10.0.40219.1
Project("{FAE04EC0-301F-11D3-BF4B-00C04F79EFBC}") = "Simplic.Package", "Simplic.Package\Simplic.Package.csproj", "{0ACA9764-A25D-4517-B64E-95645674666B}"
EndProject
Project("{FAE04EC0-301F-11D3-BF4B-00C04F79EFBC}") = "Simplic.Package.Service", "Simplic.Package.Service\Simplic.Package.Service.csproj", "{2568B37D-7937-4368-A6E3-2ADE2AD7196B}"
EndProject
Project("{FAE04EC0-301F-11D3-BF4B-00C04F79EFBC}") = "Simplic.Package.Test", "Simplic.Package.Test\Simplic.Package.Test.csproj", "{FA18C7B4-2535-4369-BFE3-BB6F2F7EF07D}"
EndProject
Project("{FAE04EC0-301F-11D3-BF4B-00C04F79EFBC}") = "Simplic.Package.CLI", "Simplic.Package.CLI\Simplic.Package.CLI.csproj", "{D49674CC-DB8D-4C91-A74E-6E178E5F6CA3}"
EndProject
Project("{FAE04EC0-301F-11D3-BF4B-00C04F79EFBC}") = "Simplic.Package.Data.DB", "Simplic.Package.Data.DB\Simplic.Package.Data.DB.csproj", "{061247F8-3F50-4271-852E-4AD4DC8592B0}"
EndProject
Project("{FAE04EC0-301F-11D3-BF4B-00C04F79EFBC}") = "Simplic.Package.Sql", "Simplic.Package.Sql\Simplic.Package.Sql.csproj", "{49767089-50D5-48B6-A07A-DA54FEB493A3}"
EndProject
Project("{FAE04EC0-301F-11D3-BF4B-00C04F79EFBC}") = "Simplic.Package.Grid", "Simplic.Package.Grid\Simplic.Package.Grid.csproj", "{0B4D1189-8A3F-4436-8DE4-9378CF5E5761}"
EndProject
Project("{FAE04EC0-301F-11D3-BF4B-00C04F79EFBC}") = "Simplic.Package.Repository", "Simplic.Package.Repository\Simplic.Package.Repository.csproj", "{1366426D-40CE-4E6F-9990-A5AC7D67B9A6}"
EndProject
Project("{2150E333-8FDC-42A3-9474-1A3956D46DE8}") = "ObjectTypes", "ObjectTypes", "{FEC87CDA-841F-43DB-882C-7F40DF7A8B5D}"
EndProject
Project("{FAE04EC0-301F-11D3-BF4B-00C04F79EFBC}") = "Simplic.Package.Icon", "Simplic.Package.Icon\Simplic.Package.Icon.csproj", "{EFBF2689-C964-48A0-AD3E-BF7373E3CE3E}"
EndProject
Project("{FAE04EC0-301F-11D3-BF4B-00C04F79EFBC}") = "Simplic.Package.ItemBox", "Simplic.Package.Itembox\Simplic.Package.ItemBox.csproj", "{4EAE3B26-1813-42CD-86A5-6DF5E2C1048D}"
EndProject
Project("{FAE04EC0-301F-11D3-BF4B-00C04F79EFBC}") = "Simplic.Package.FormatList", "Simplic.Package.FormatList\Simplic.Package.FormatList.csproj", "{A43937B7-BE55-428E-AB6A-94993BE3150D}"
EndProject
Project("{FAE04EC0-301F-11D3-BF4B-00C04F79EFBC}") = "Simplic.Package.ComboBox", "Simplic.Package.ComboBox\Simplic.Package.ComboBox.csproj", "{83A3B926-8E9F-4875-B6FB-0B439E7792B5}"
EndProject
Project("{FAE04EC0-301F-11D3-BF4B-00C04F79EFBC}") = "Simplic.Package.Application", "Simplic.Package.Application\Simplic.Package.Application.csproj", "{567F7319-EE09-4B97-BF3A-443638C518B8}"
EndProject
Project("{FAE04EC0-301F-11D3-BF4B-00C04F79EFBC}") = "Simplic.Package.Role", "Simplic.Package.Role\Simplic.Package.Role.csproj", "{52B5DE4C-00AF-44C3-A74E-0BE285790BAA}"
EndProject
Project("{FAE04EC0-301F-11D3-BF4B-00C04F79EFBC}") = "Simplic.Package.Sequence", "Simplic.Package.Sequence\Simplic.Package.Sequence.csproj", "{0E87F09E-DF05-4948-9700-151CAA6F4EA8}"
EndProject
Global
	GlobalSection(SolutionConfigurationPlatforms) = preSolution
		Debug|Any CPU = Debug|Any CPU
		Release|Any CPU = Release|Any CPU
	EndGlobalSection
	GlobalSection(ProjectConfigurationPlatforms) = postSolution
		{0ACA9764-A25D-4517-B64E-95645674666B}.Debug|Any CPU.ActiveCfg = Debug|Any CPU
		{0ACA9764-A25D-4517-B64E-95645674666B}.Debug|Any CPU.Build.0 = Debug|Any CPU
		{0ACA9764-A25D-4517-B64E-95645674666B}.Release|Any CPU.ActiveCfg = Release|Any CPU
		{0ACA9764-A25D-4517-B64E-95645674666B}.Release|Any CPU.Build.0 = Release|Any CPU
		{2568B37D-7937-4368-A6E3-2ADE2AD7196B}.Debug|Any CPU.ActiveCfg = Debug|Any CPU
		{2568B37D-7937-4368-A6E3-2ADE2AD7196B}.Debug|Any CPU.Build.0 = Debug|Any CPU
		{2568B37D-7937-4368-A6E3-2ADE2AD7196B}.Release|Any CPU.ActiveCfg = Release|Any CPU
		{2568B37D-7937-4368-A6E3-2ADE2AD7196B}.Release|Any CPU.Build.0 = Release|Any CPU
		{FA18C7B4-2535-4369-BFE3-BB6F2F7EF07D}.Debug|Any CPU.ActiveCfg = Debug|Any CPU
		{FA18C7B4-2535-4369-BFE3-BB6F2F7EF07D}.Debug|Any CPU.Build.0 = Debug|Any CPU
		{FA18C7B4-2535-4369-BFE3-BB6F2F7EF07D}.Release|Any CPU.ActiveCfg = Release|Any CPU
		{FA18C7B4-2535-4369-BFE3-BB6F2F7EF07D}.Release|Any CPU.Build.0 = Release|Any CPU
		{D49674CC-DB8D-4C91-A74E-6E178E5F6CA3}.Debug|Any CPU.ActiveCfg = Debug|Any CPU
		{D49674CC-DB8D-4C91-A74E-6E178E5F6CA3}.Debug|Any CPU.Build.0 = Debug|Any CPU
		{D49674CC-DB8D-4C91-A74E-6E178E5F6CA3}.Release|Any CPU.ActiveCfg = Release|Any CPU
		{D49674CC-DB8D-4C91-A74E-6E178E5F6CA3}.Release|Any CPU.Build.0 = Release|Any CPU
		{061247F8-3F50-4271-852E-4AD4DC8592B0}.Debug|Any CPU.ActiveCfg = Debug|Any CPU
		{061247F8-3F50-4271-852E-4AD4DC8592B0}.Debug|Any CPU.Build.0 = Debug|Any CPU
		{061247F8-3F50-4271-852E-4AD4DC8592B0}.Release|Any CPU.ActiveCfg = Release|Any CPU
		{061247F8-3F50-4271-852E-4AD4DC8592B0}.Release|Any CPU.Build.0 = Release|Any CPU
		{49767089-50D5-48B6-A07A-DA54FEB493A3}.Debug|Any CPU.ActiveCfg = Debug|Any CPU
		{49767089-50D5-48B6-A07A-DA54FEB493A3}.Debug|Any CPU.Build.0 = Debug|Any CPU
		{49767089-50D5-48B6-A07A-DA54FEB493A3}.Release|Any CPU.ActiveCfg = Release|Any CPU
		{49767089-50D5-48B6-A07A-DA54FEB493A3}.Release|Any CPU.Build.0 = Release|Any CPU
		{0B4D1189-8A3F-4436-8DE4-9378CF5E5761}.Debug|Any CPU.ActiveCfg = Debug|Any CPU
		{0B4D1189-8A3F-4436-8DE4-9378CF5E5761}.Debug|Any CPU.Build.0 = Debug|Any CPU
		{0B4D1189-8A3F-4436-8DE4-9378CF5E5761}.Release|Any CPU.ActiveCfg = Release|Any CPU
		{0B4D1189-8A3F-4436-8DE4-9378CF5E5761}.Release|Any CPU.Build.0 = Release|Any CPU
		{1366426D-40CE-4E6F-9990-A5AC7D67B9A6}.Debug|Any CPU.ActiveCfg = Debug|Any CPU
		{1366426D-40CE-4E6F-9990-A5AC7D67B9A6}.Debug|Any CPU.Build.0 = Debug|Any CPU
		{1366426D-40CE-4E6F-9990-A5AC7D67B9A6}.Release|Any CPU.ActiveCfg = Release|Any CPU
		{1366426D-40CE-4E6F-9990-A5AC7D67B9A6}.Release|Any CPU.Build.0 = Release|Any CPU
		{EFBF2689-C964-48A0-AD3E-BF7373E3CE3E}.Debug|Any CPU.ActiveCfg = Debug|Any CPU
		{EFBF2689-C964-48A0-AD3E-BF7373E3CE3E}.Debug|Any CPU.Build.0 = Debug|Any CPU
		{EFBF2689-C964-48A0-AD3E-BF7373E3CE3E}.Release|Any CPU.ActiveCfg = Release|Any CPU
		{EFBF2689-C964-48A0-AD3E-BF7373E3CE3E}.Release|Any CPU.Build.0 = Release|Any CPU
		{4EAE3B26-1813-42CD-86A5-6DF5E2C1048D}.Debug|Any CPU.ActiveCfg = Debug|Any CPU
		{4EAE3B26-1813-42CD-86A5-6DF5E2C1048D}.Debug|Any CPU.Build.0 = Debug|Any CPU
		{4EAE3B26-1813-42CD-86A5-6DF5E2C1048D}.Release|Any CPU.ActiveCfg = Release|Any CPU
		{4EAE3B26-1813-42CD-86A5-6DF5E2C1048D}.Release|Any CPU.Build.0 = Release|Any CPU
		{A43937B7-BE55-428E-AB6A-94993BE3150D}.Debug|Any CPU.ActiveCfg = Debug|Any CPU
		{A43937B7-BE55-428E-AB6A-94993BE3150D}.Debug|Any CPU.Build.0 = Debug|Any CPU
		{A43937B7-BE55-428E-AB6A-94993BE3150D}.Release|Any CPU.ActiveCfg = Release|Any CPU
		{A43937B7-BE55-428E-AB6A-94993BE3150D}.Release|Any CPU.Build.0 = Release|Any CPU
		{83A3B926-8E9F-4875-B6FB-0B439E7792B5}.Debug|Any CPU.ActiveCfg = Debug|Any CPU
		{83A3B926-8E9F-4875-B6FB-0B439E7792B5}.Debug|Any CPU.Build.0 = Debug|Any CPU
		{83A3B926-8E9F-4875-B6FB-0B439E7792B5}.Release|Any CPU.ActiveCfg = Release|Any CPU
		{83A3B926-8E9F-4875-B6FB-0B439E7792B5}.Release|Any CPU.Build.0 = Release|Any CPU
		{567F7319-EE09-4B97-BF3A-443638C518B8}.Debug|Any CPU.ActiveCfg = Debug|Any CPU
		{567F7319-EE09-4B97-BF3A-443638C518B8}.Debug|Any CPU.Build.0 = Debug|Any CPU
		{567F7319-EE09-4B97-BF3A-443638C518B8}.Release|Any CPU.ActiveCfg = Release|Any CPU
		{567F7319-EE09-4B97-BF3A-443638C518B8}.Release|Any CPU.Build.0 = Release|Any CPU
		{52B5DE4C-00AF-44C3-A74E-0BE285790BAA}.Debug|Any CPU.ActiveCfg = Debug|Any CPU
		{52B5DE4C-00AF-44C3-A74E-0BE285790BAA}.Debug|Any CPU.Build.0 = Debug|Any CPU
		{52B5DE4C-00AF-44C3-A74E-0BE285790BAA}.Release|Any CPU.ActiveCfg = Release|Any CPU
		{52B5DE4C-00AF-44C3-A74E-0BE285790BAA}.Release|Any CPU.Build.0 = Release|Any CPU
		{0E87F09E-DF05-4948-9700-151CAA6F4EA8}.Debug|Any CPU.ActiveCfg = Debug|Any CPU
		{0E87F09E-DF05-4948-9700-151CAA6F4EA8}.Debug|Any CPU.Build.0 = Debug|Any CPU
		{0E87F09E-DF05-4948-9700-151CAA6F4EA8}.Release|Any CPU.ActiveCfg = Release|Any CPU
		{0E87F09E-DF05-4948-9700-151CAA6F4EA8}.Release|Any CPU.Build.0 = Release|Any CPU
	EndGlobalSection
	GlobalSection(SolutionProperties) = preSolution
		HideSolutionNode = FALSE
	EndGlobalSection
	GlobalSection(NestedProjects) = preSolution
		{49767089-50D5-48B6-A07A-DA54FEB493A3} = {FEC87CDA-841F-43DB-882C-7F40DF7A8B5D}
		{0B4D1189-8A3F-4436-8DE4-9378CF5E5761} = {FEC87CDA-841F-43DB-882C-7F40DF7A8B5D}
		{1366426D-40CE-4E6F-9990-A5AC7D67B9A6} = {FEC87CDA-841F-43DB-882C-7F40DF7A8B5D}
		{EFBF2689-C964-48A0-AD3E-BF7373E3CE3E} = {FEC87CDA-841F-43DB-882C-7F40DF7A8B5D}
		{4EAE3B26-1813-42CD-86A5-6DF5E2C1048D} = {FEC87CDA-841F-43DB-882C-7F40DF7A8B5D}
		{A43937B7-BE55-428E-AB6A-94993BE3150D} = {FEC87CDA-841F-43DB-882C-7F40DF7A8B5D}
		{83A3B926-8E9F-4875-B6FB-0B439E7792B5} = {FEC87CDA-841F-43DB-882C-7F40DF7A8B5D}
		{567F7319-EE09-4B97-BF3A-443638C518B8} = {FEC87CDA-841F-43DB-882C-7F40DF7A8B5D}
		{52B5DE4C-00AF-44C3-A74E-0BE285790BAA} = {FEC87CDA-841F-43DB-882C-7F40DF7A8B5D}
		{0E87F09E-DF05-4948-9700-151CAA6F4EA8} = {FEC87CDA-841F-43DB-882C-7F40DF7A8B5D}
	EndGlobalSection
	GlobalSection(ExtensibilityGlobals) = postSolution
		SolutionGuid = {4EA82266-D86E-4D97-B0C6-41D6E7D8A584}
	EndGlobalSection
EndGlobal
