
Microsoft Visual Studio Solution File, Format Version 12.00
# Visual Studio Version 16
VisualStudioVersion = 16.0.30406.217
MinimumVisualStudioVersion = 10.0.40219.1
Project("{FAE04EC0-301F-11D3-BF4B-00C04F79EFBC}") = "Simplic.Package", "Simplic.Package\Simplic.Package.csproj", "{0ACA9764-A25D-4517-B64E-95645674666B}"
EndProject
Project("{FAE04EC0-301F-11D3-BF4B-00C04F79EFBC}") = "Simplic.Package.Service", "Simplic.Package.Service\Simplic.Package.Service.csproj", "{2568B37D-7937-4368-A6E3-2ADE2AD7196B}"
EndProject
Project("{FAE04EC0-301F-11D3-BF4B-00C04F79EFBC}") = "Simplic.Package.Test", "Simplic.Package.Test\Simplic.Package.Test.csproj", "{FA18C7B4-2535-4369-BFE3-BB6F2F7EF07D}"
EndProject
Project("{FAE04EC0-301F-11D3-BF4B-00C04F79EFBC}") = "Simplic.Package.CLI", "Simplic.Package.CLI\Simplic.Package.CLI.csproj", "{D49674CC-DB8D-4C91-A74E-6E178E5F6CA3}"
EndProject
Project("{FAE04EC0-301F-11D3-BF4B-00C04F79EFBC}") = "Simplic.Package.Data.DB", "Simplic.Package.Data.DB\Simplic.Package.Data.DB.csproj", "{061247F8-3F50-4271-852E-4AD4DC8592B0}"
EndProject
Project("{FAE04EC0-301F-11D3-BF4B-00C04F79EFBC}") = "Simplic.Package.Sql", "Simplic.Package.Sql\Simplic.Package.Sql.csproj", "{49767089-50D5-48B6-A07A-DA54FEB493A3}"
EndProject
Project("{FAE04EC0-301F-11D3-BF4B-00C04F79EFBC}") = "Simplic.Package.Grid", "Simplic.Package.Grid\Simplic.Package.Grid.csproj", "{0B4D1189-8A3F-4436-8DE4-9378CF5E5761}"
EndProject
Project("{FAE04EC0-301F-11D3-BF4B-00C04F79EFBC}") = "Simplic.Package.Repository", "Simplic.Package.Repository\Simplic.Package.Repository.csproj", "{1366426D-40CE-4E6F-9990-A5AC7D67B9A6}"
EndProject
Global
	GlobalSection(SolutionConfigurationPlatforms) = preSolution
		Debug|Any CPU = Debug|Any CPU
		Release|Any CPU = Release|Any CPU
	EndGlobalSection
	GlobalSection(ProjectConfigurationPlatforms) = postSolution
		{0ACA9764-A25D-4517-B64E-95645674666B}.Debug|Any CPU.ActiveCfg = Debug|Any CPU
		{0ACA9764-A25D-4517-B64E-95645674666B}.Debug|Any CPU.Build.0 = Debug|Any CPU
		{0ACA9764-A25D-4517-B64E-95645674666B}.Release|Any CPU.ActiveCfg = Release|Any CPU
		{0ACA9764-A25D-4517-B64E-95645674666B}.Release|Any CPU.Build.0 = Release|Any CPU
		{2568B37D-7937-4368-A6E3-2ADE2AD7196B}.Debug|Any CPU.ActiveCfg = Debug|Any CPU
		{2568B37D-7937-4368-A6E3-2ADE2AD7196B}.Debug|Any CPU.Build.0 = Debug|Any CPU
		{2568B37D-7937-4368-A6E3-2ADE2AD7196B}.Release|Any CPU.ActiveCfg = Release|Any CPU
		{2568B37D-7937-4368-A6E3-2ADE2AD7196B}.Release|Any CPU.Build.0 = Release|Any CPU
		{FA18C7B4-2535-4369-BFE3-BB6F2F7EF07D}.Debug|Any CPU.ActiveCfg = Debug|Any CPU
		{FA18C7B4-2535-4369-BFE3-BB6F2F7EF07D}.Debug|Any CPU.Build.0 = Debug|Any CPU
		{FA18C7B4-2535-4369-BFE3-BB6F2F7EF07D}.Release|Any CPU.ActiveCfg = Release|Any CPU
		{FA18C7B4-2535-4369-BFE3-BB6F2F7EF07D}.Release|Any CPU.Build.0 = Release|Any CPU
		{D49674CC-DB8D-4C91-A74E-6E178E5F6CA3}.Debug|Any CPU.ActiveCfg = Debug|Any CPU
		{D49674CC-DB8D-4C91-A74E-6E178E5F6CA3}.Debug|Any CPU.Build.0 = Debug|Any CPU
		{D49674CC-DB8D-4C91-A74E-6E178E5F6CA3}.Release|Any CPU.ActiveCfg = Release|Any CPU
		{D49674CC-DB8D-4C91-A74E-6E178E5F6CA3}.Release|Any CPU.Build.0 = Release|Any CPU
		{061247F8-3F50-4271-852E-4AD4DC8592B0}.Debug|Any CPU.ActiveCfg = Debug|Any CPU
		{061247F8-3F50-4271-852E-4AD4DC8592B0}.Debug|Any CPU.Build.0 = Debug|Any CPU
		{061247F8-3F50-4271-852E-4AD4DC8592B0}.Release|Any CPU.ActiveCfg = Release|Any CPU
		{061247F8-3F50-4271-852E-4AD4DC8592B0}.Release|Any CPU.Build.0 = Release|Any CPU
		{49767089-50D5-48B6-A07A-DA54FEB493A3}.Debug|Any CPU.ActiveCfg = Debug|Any CPU
		{49767089-50D5-48B6-A07A-DA54FEB493A3}.Debug|Any CPU.Build.0 = Debug|Any CPU
		{49767089-50D5-48B6-A07A-DA54FEB493A3}.Release|Any CPU.ActiveCfg = Release|Any CPU
		{49767089-50D5-48B6-A07A-DA54FEB493A3}.Release|Any CPU.Build.0 = Release|Any CPU
		{0B4D1189-8A3F-4436-8DE4-9378CF5E5761}.Debug|Any CPU.ActiveCfg = Debug|Any CPU
		{0B4D1189-8A3F-4436-8DE4-9378CF5E5761}.Debug|Any CPU.Build.0 = Debug|Any CPU
		{0B4D1189-8A3F-4436-8DE4-9378CF5E5761}.Release|Any CPU.ActiveCfg = Release|Any CPU
		{0B4D1189-8A3F-4436-8DE4-9378CF5E5761}.Release|Any CPU.Build.0 = Release|Any CPU
		{1366426D-40CE-4E6F-9990-A5AC7D67B9A6}.Debug|Any CPU.ActiveCfg = Debug|Any CPU
		{1366426D-40CE-4E6F-9990-A5AC7D67B9A6}.Debug|Any CPU.Build.0 = Debug|Any CPU
		{1366426D-40CE-4E6F-9990-A5AC7D67B9A6}.Release|Any CPU.ActiveCfg = Release|Any CPU
		{1366426D-40CE-4E6F-9990-A5AC7D67B9A6}.Release|Any CPU.Build.0 = Release|Any CPU
	EndGlobalSection
	GlobalSection(SolutionProperties) = preSolution
		HideSolutionNode = FALSE
	EndGlobalSection
	GlobalSection(ExtensibilityGlobals) = postSolution
		SolutionGuid = {4EA82266-D86E-4D97-B0C6-41D6E7D8A584}
	EndGlobalSection
EndGlobal
