
Microsoft Visual Studio Solution File, Format Version 12.00
# Visual Studio Version 16
VisualStudioVersion = 16.0.30406.217
MinimumVisualStudioVersion = 10.0.40219.1
Project("{FAE04EC0-301F-11D3-BF4B-00C04F79EFBC}") = "Simplic.Package", "Simplic.Package\Simplic.Package.csproj", "{0ACA9764-A25D-4517-B64E-95645674666B}"
EndProject
Project("{FAE04EC0-301F-11D3-BF4B-00C04F79EFBC}") = "Simplic.Package.Service", "Simplic.Package.Service\Simplic.Package.Service.csproj", "{2568B37D-7937-4368-A6E3-2ADE2AD7196B}"
EndProject
Project("{FAE04EC0-301F-11D3-BF4B-00C04F79EFBC}") = "Simplic.Package.Test", "Simplic.Package.Test\Simplic.Package.Test.csproj", "{FA18C7B4-2535-4369-BFE3-BB6F2F7EF07D}"
EndProject
Project("{FAE04EC0-301F-11D3-BF4B-00C04F79EFBC}") = "Simplic.Package.CLI", "Simplic.Package.CLI\Simplic.Package.CLI.csproj", "{D49674CC-DB8D-4C91-A74E-6E178E5F6CA3}"
EndProject
Project("{FAE04EC0-301F-11D3-BF4B-00C04F79EFBC}") = "Simplic.Package.Data.DB", "Simplic.Package.Data.DB\Simplic.Package.Data.DB.csproj", "{061247F8-3F50-4271-852E-4AD4DC8592B0}"
EndProject
Project("{FAE04EC0-301F-11D3-BF4B-00C04F79EFBC}") = "Simplic.Package.Sql", "Simplic.Package.Sql\Simplic.Package.Sql.csproj", "{49767089-50D5-48B6-A07A-DA54FEB493A3}"
EndProject
Project("{FAE04EC0-301F-11D3-BF4B-00C04F79EFBC}") = "Simplic.Package.Grid", "Simplic.Package.Grid\Simplic.Package.Grid.csproj", "{0B4D1189-8A3F-4436-8DE4-9378CF5E5761}"
EndProject
Project("{FAE04EC0-301F-11D3-BF4B-00C04F79EFBC}") = "Simplic.Package.Repository", "Simplic.Package.Repository\Simplic.Package.Repository.csproj", "{1366426D-40CE-4E6F-9990-A5AC7D67B9A6}"
EndProject
Project("{2150E333-8FDC-42A3-9474-1A3956D46DE8}") = "ObjectTypes", "ObjectTypes", "{FEC87CDA-841F-43DB-882C-7F40DF7A8B5D}"
EndProject
Project("{2150E333-8FDC-42A3-9474-1A3956D46DE8}") = "Sample", "Sample", "{A157A560-3710-4C79-9A0F-EFA8EC55366C}"
	ProjectSection(SolutionItems) = preProject
		..\sample\package.json = ..\sample\package.json
	EndProjectSection
EndProject
Project("{2150E333-8FDC-42A3-9474-1A3956D46DE8}") = "sql", "sql", "{9B123596-E682-4179-B80C-42AFAD8E4E63}"
	ProjectSection(SolutionItems) = preProject
		..\sample\sql\sample.sql = ..\sample\sql\sample.sql
	EndProjectSection
EndProject
Project("{2150E333-8FDC-42A3-9474-1A3956D46DE8}") = "grid", "grid", "{A54AAE3F-0666-42C5-86F3-B27124FAA62E}"
	ProjectSection(SolutionItems) = preProject
		..\sample\grid\grid_sample.json = ..\sample\grid\grid_sample.json
	EndProjectSection
EndProject
Project("{2150E333-8FDC-42A3-9474-1A3956D46DE8}") = "icon", "icon", "{9E7AB610-7AB3-447D-B0AF-99876CC49DD3}"
EndProject
Project("{2150E333-8FDC-42A3-9474-1A3956D46DE8}") = "repository", "repository", "{5AE177FB-DB98-4FA6-905A-D837C8D40C99}"
EndProject
Project("{2150E333-8FDC-42A3-9474-1A3956D46DE8}") = "application", "application", "{01724EFE-589E-422F-8247-19F32BCB7C41}"
	ProjectSection(SolutionItems) = preProject
		..\sample\application\applicatin_sample.json = ..\sample\application\applicatin_sample.json
	EndProjectSection
EndProject
Project("{2150E333-8FDC-42A3-9474-1A3956D46DE8}") = "itembox", "itembox", "{28E83848-4F33-4EC5-B1CE-B00B8AFAE413}"
	ProjectSection(SolutionItems) = preProject
		..\sample\itembox\itembox_sample.json = ..\sample\itembox\itembox_sample.json
	EndProjectSection
EndProject
Project("{2150E333-8FDC-42A3-9474-1A3956D46DE8}") = "format_list", "format_list", "{C4A42AFA-17E5-4C3D-8158-3DAEC536AD5B}"
	ProjectSection(SolutionItems) = preProject
		..\sample\legacy\format_list\format_list_sample.json = ..\sample\legacy\format_list\format_list_sample.json
	EndProjectSection
EndProject
Project("{2150E333-8FDC-42A3-9474-1A3956D46DE8}") = "combobox", "combobox", "{A69038B0-BC4B-4116-AEBA-11224E8EBE6C}"
	ProjectSection(SolutionItems) = preProject
		..\sample\legacy\combobox\combobox_sample.json = ..\sample\legacy\combobox\combobox_sample.json
	EndProjectSection
EndProject
Project("{2150E333-8FDC-42A3-9474-1A3956D46DE8}") = "legacy", "legacy", "{C51AFD5C-DE94-4A50-8B0B-9953C3B35D8F}"
EndProject
Project("{2150E333-8FDC-42A3-9474-1A3956D46DE8}") = "stack", "stack", "{C774C1BC-D315-497C-9E7F-242B9E892E6F}"
	ProjectSection(SolutionItems) = preProject
		..\sample\stack\stack_sample.json = ..\sample\stack\stack_sample.json
	EndProjectSection
EndProject
Project("{2150E333-8FDC-42A3-9474-1A3956D46DE8}") = "stack_autoconnector", "stack_autoconnector", "{D7E61EA6-DA9B-46A2-B34E-A77D606634F7}"
	ProjectSection(SolutionItems) = preProject
		..\sample\stack_autoconnector\stack_autoconnector_sample.json = ..\sample\stack_autoconnector\stack_autoconnector_sample.json
	EndProjectSection
EndProject
Project("{2150E333-8FDC-42A3-9474-1A3956D46DE8}") = "stack_fulltext", "stack_fulltext", "{2D311E58-45C8-449C-8D9E-6C1A43B68D3D}"
	ProjectSection(SolutionItems) = preProject
		..\sample\stack_fulltext\stack_fulltext_sample.json = ..\sample\stack_fulltext\stack_fulltext_sample.json
	EndProjectSection
EndProject
Project("{2150E333-8FDC-42A3-9474-1A3956D46DE8}") = "stack_register", "stack_register", "{634164BE-B793-4733-A732-D900CB42C8F0}"
	ProjectSection(SolutionItems) = preProject
		..\sample\stack_register\stack_register_sample.json = ..\sample\stack_register\stack_register_sample.json
	EndProjectSection
EndProject
Project("{2150E333-8FDC-42A3-9474-1A3956D46DE8}") = "role", "role", "{F8E6853D-DF63-4D50-9127-902B3BD4B388}"
	ProjectSection(SolutionItems) = preProject
		..\sample\role\role_sample.json = ..\sample\role\role_sample.json
	EndProjectSection
EndProject
Project("{2150E333-8FDC-42A3-9474-1A3956D46DE8}") = "sequence", "sequence", "{B7C99C70-35A1-46EB-AD19-CC12F9ECEDD6}"
	ProjectSection(SolutionItems) = preProject
		..\sample\sequence\sequence_sample.json = ..\sample\sequence\sequence_sample.json
	EndProjectSection
EndProject
Project("{2150E333-8FDC-42A3-9474-1A3956D46DE8}") = "epl_report", "epl_report", "{9C2440B3-BD90-434A-A0DF-C3261BE95065}"
	ProjectSection(SolutionItems) = preProject
		..\sample\epl_report\epl_report.json = ..\sample\epl_report\epl_report.json
	EndProjectSection
EndProject
Project("{2150E333-8FDC-42A3-9474-1A3956D46DE8}") = "epl_report_design", "epl_report_design", "{7BAFACF6-7C61-4C84-A043-30A572C18F22}"
	ProjectSection(SolutionItems) = preProject
		..\sample\epl_report_design\epl_report_design.json = ..\sample\epl_report_design\epl_report_design.json
	EndProjectSection
EndProject
Project("{2150E333-8FDC-42A3-9474-1A3956D46DE8}") = "report", "report", "{2C1492AA-3891-4B71-BBA3-4380E40A9A8E}"
	ProjectSection(SolutionItems) = preProject
		..\sample\report\report_sample.json = ..\sample\report\report_sample.json
	EndProjectSection
EndProject
Project("{2150E333-8FDC-42A3-9474-1A3956D46DE8}") = "stack_context_area", "stack_context_area", "{694EC2CB-4973-4BFB-B45C-74CAB326EDEF}"
	ProjectSection(SolutionItems) = preProject
		..\sample\stack_context_area\stack_context_area.json = ..\sample\stack_context_area\stack_context_area.json
	EndProjectSection
EndProject
Global
	GlobalSection(SolutionConfigurationPlatforms) = preSolution
		Debug|Any CPU = Debug|Any CPU
		Release|Any CPU = Release|Any CPU
	EndGlobalSection
	GlobalSection(ProjectConfigurationPlatforms) = postSolution
		{0ACA9764-A25D-4517-B64E-95645674666B}.Debug|Any CPU.ActiveCfg = Debug|Any CPU
		{0ACA9764-A25D-4517-B64E-95645674666B}.Debug|Any CPU.Build.0 = Debug|Any CPU
		{0ACA9764-A25D-4517-B64E-95645674666B}.Release|Any CPU.ActiveCfg = Release|Any CPU
		{0ACA9764-A25D-4517-B64E-95645674666B}.Release|Any CPU.Build.0 = Release|Any CPU
		{2568B37D-7937-4368-A6E3-2ADE2AD7196B}.Debug|Any CPU.ActiveCfg = Debug|Any CPU
		{2568B37D-7937-4368-A6E3-2ADE2AD7196B}.Debug|Any CPU.Build.0 = Debug|Any CPU
		{2568B37D-7937-4368-A6E3-2ADE2AD7196B}.Release|Any CPU.ActiveCfg = Release|Any CPU
		{2568B37D-7937-4368-A6E3-2ADE2AD7196B}.Release|Any CPU.Build.0 = Release|Any CPU
		{FA18C7B4-2535-4369-BFE3-BB6F2F7EF07D}.Debug|Any CPU.ActiveCfg = Debug|Any CPU
		{FA18C7B4-2535-4369-BFE3-BB6F2F7EF07D}.Debug|Any CPU.Build.0 = Debug|Any CPU
		{FA18C7B4-2535-4369-BFE3-BB6F2F7EF07D}.Release|Any CPU.ActiveCfg = Release|Any CPU
		{FA18C7B4-2535-4369-BFE3-BB6F2F7EF07D}.Release|Any CPU.Build.0 = Release|Any CPU
		{D49674CC-DB8D-4C91-A74E-6E178E5F6CA3}.Debug|Any CPU.ActiveCfg = Debug|Any CPU
		{D49674CC-DB8D-4C91-A74E-6E178E5F6CA3}.Debug|Any CPU.Build.0 = Debug|Any CPU
		{D49674CC-DB8D-4C91-A74E-6E178E5F6CA3}.Release|Any CPU.ActiveCfg = Release|Any CPU
		{D49674CC-DB8D-4C91-A74E-6E178E5F6CA3}.Release|Any CPU.Build.0 = Release|Any CPU
		{061247F8-3F50-4271-852E-4AD4DC8592B0}.Debug|Any CPU.ActiveCfg = Debug|Any CPU
		{061247F8-3F50-4271-852E-4AD4DC8592B0}.Debug|Any CPU.Build.0 = Debug|Any CPU
		{061247F8-3F50-4271-852E-4AD4DC8592B0}.Release|Any CPU.ActiveCfg = Release|Any CPU
		{061247F8-3F50-4271-852E-4AD4DC8592B0}.Release|Any CPU.Build.0 = Release|Any CPU
		{49767089-50D5-48B6-A07A-DA54FEB493A3}.Debug|Any CPU.ActiveCfg = Debug|Any CPU
		{49767089-50D5-48B6-A07A-DA54FEB493A3}.Debug|Any CPU.Build.0 = Debug|Any CPU
		{49767089-50D5-48B6-A07A-DA54FEB493A3}.Release|Any CPU.ActiveCfg = Release|Any CPU
		{49767089-50D5-48B6-A07A-DA54FEB493A3}.Release|Any CPU.Build.0 = Release|Any CPU
		{0B4D1189-8A3F-4436-8DE4-9378CF5E5761}.Debug|Any CPU.ActiveCfg = Debug|Any CPU
		{0B4D1189-8A3F-4436-8DE4-9378CF5E5761}.Debug|Any CPU.Build.0 = Debug|Any CPU
		{0B4D1189-8A3F-4436-8DE4-9378CF5E5761}.Release|Any CPU.ActiveCfg = Release|Any CPU
		{0B4D1189-8A3F-4436-8DE4-9378CF5E5761}.Release|Any CPU.Build.0 = Release|Any CPU
		{1366426D-40CE-4E6F-9990-A5AC7D67B9A6}.Debug|Any CPU.ActiveCfg = Debug|Any CPU
		{1366426D-40CE-4E6F-9990-A5AC7D67B9A6}.Debug|Any CPU.Build.0 = Debug|Any CPU
		{1366426D-40CE-4E6F-9990-A5AC7D67B9A6}.Release|Any CPU.ActiveCfg = Release|Any CPU
		{1366426D-40CE-4E6F-9990-A5AC7D67B9A6}.Release|Any CPU.Build.0 = Release|Any CPU
	EndGlobalSection
	GlobalSection(SolutionProperties) = preSolution
		HideSolutionNode = FALSE
	EndGlobalSection
	GlobalSection(NestedProjects) = preSolution
		{49767089-50D5-48B6-A07A-DA54FEB493A3} = {FEC87CDA-841F-43DB-882C-7F40DF7A8B5D}
		{0B4D1189-8A3F-4436-8DE4-9378CF5E5761} = {FEC87CDA-841F-43DB-882C-7F40DF7A8B5D}
		{1366426D-40CE-4E6F-9990-A5AC7D67B9A6} = {FEC87CDA-841F-43DB-882C-7F40DF7A8B5D}
		{9B123596-E682-4179-B80C-42AFAD8E4E63} = {A157A560-3710-4C79-9A0F-EFA8EC55366C}
		{A54AAE3F-0666-42C5-86F3-B27124FAA62E} = {A157A560-3710-4C79-9A0F-EFA8EC55366C}
		{9E7AB610-7AB3-447D-B0AF-99876CC49DD3} = {A157A560-3710-4C79-9A0F-EFA8EC55366C}
		{5AE177FB-DB98-4FA6-905A-D837C8D40C99} = {A157A560-3710-4C79-9A0F-EFA8EC55366C}
		{01724EFE-589E-422F-8247-19F32BCB7C41} = {A157A560-3710-4C79-9A0F-EFA8EC55366C}
		{28E83848-4F33-4EC5-B1CE-B00B8AFAE413} = {A157A560-3710-4C79-9A0F-EFA8EC55366C}
		{C4A42AFA-17E5-4C3D-8158-3DAEC536AD5B} = {C51AFD5C-DE94-4A50-8B0B-9953C3B35D8F}
		{A69038B0-BC4B-4116-AEBA-11224E8EBE6C} = {C51AFD5C-DE94-4A50-8B0B-9953C3B35D8F}
		{C51AFD5C-DE94-4A50-8B0B-9953C3B35D8F} = {A157A560-3710-4C79-9A0F-EFA8EC55366C}
		{C774C1BC-D315-497C-9E7F-242B9E892E6F} = {A157A560-3710-4C79-9A0F-EFA8EC55366C}
		{D7E61EA6-DA9B-46A2-B34E-A77D606634F7} = {A157A560-3710-4C79-9A0F-EFA8EC55366C}
		{2D311E58-45C8-449C-8D9E-6C1A43B68D3D} = {A157A560-3710-4C79-9A0F-EFA8EC55366C}
		{634164BE-B793-4733-A732-D900CB42C8F0} = {A157A560-3710-4C79-9A0F-EFA8EC55366C}
		{F8E6853D-DF63-4D50-9127-902B3BD4B388} = {A157A560-3710-4C79-9A0F-EFA8EC55366C}
		{B7C99C70-35A1-46EB-AD19-CC12F9ECEDD6} = {A157A560-3710-4C79-9A0F-EFA8EC55366C}
		{9C2440B3-BD90-434A-A0DF-C3261BE95065} = {A157A560-3710-4C79-9A0F-EFA8EC55366C}
		{7BAFACF6-7C61-4C84-A043-30A572C18F22} = {A157A560-3710-4C79-9A0F-EFA8EC55366C}
		{2C1492AA-3891-4B71-BBA3-4380E40A9A8E} = {A157A560-3710-4C79-9A0F-EFA8EC55366C}
		{694EC2CB-4973-4BFB-B45C-74CAB326EDEF} = {A157A560-3710-4C79-9A0F-EFA8EC55366C}
	EndGlobalSection
	GlobalSection(ExtensibilityGlobals) = postSolution
		SolutionGuid = {4EA82266-D86E-4D97-B0C6-41D6E7D8A584}
	EndGlobalSection
EndGlobal
